
Microsoft Visual Studio Solution File, Format Version 12.00
# Visual Studio Version 17
VisualStudioVersion = 17.0.32112.339
MinimumVisualStudioVersion = 10.0.40219.1
Project("{9A19103F-16F7-4668-BE54-9A1E7A4F7556}") = "JsonArrayComparison", "JsonArrayComparison\JsonArrayComparison.csproj", "{14A4F905-48F3-472D-AFF2-7CA4566E2B76}"
EndProject
Project("{FAE04EC0-301F-11D3-BF4B-00C04F79EFBC}") = "ComplexXmlResultComparison", "ComplexXmlResultComparison\ComplexXmlResultComparison.csproj", "{E5E42D7F-5751-4EAC-8B6C-F94A32D83B9C}"
EndProject
Global
	GlobalSection(SolutionConfigurationPlatforms) = preSolution
		Debug|Any CPU = Debug|Any CPU
		Release|Any CPU = Release|Any CPU
	EndGlobalSection
	GlobalSection(ProjectConfigurationPlatforms) = postSolution
		{14A4F905-48F3-472D-AFF2-7CA4566E2B76}.Debug|Any CPU.ActiveCfg = Debug|Any CPU
		{14A4F905-48F3-472D-AFF2-7CA4566E2B76}.Debug|Any CPU.Build.0 = Debug|Any CPU
		{14A4F905-48F3-472D-AFF2-7CA4566E2B76}.Release|Any CPU.ActiveCfg = Release|Any CPU
		{14A4F905-48F3-472D-AFF2-7CA4566E2B76}.Release|Any CPU.Build.0 = Release|Any CPU
		{E5E42D7F-5751-4EAC-8B6C-F94A32D83B9C}.Debug|Any CPU.ActiveCfg = Debug|Any CPU
		{E5E42D7F-5751-4EAC-8B6C-F94A32D83B9C}.Debug|Any CPU.Build.0 = Debug|Any CPU
		{E5E42D7F-5751-4EAC-8B6C-F94A32D83B9C}.Release|Any CPU.ActiveCfg = Release|Any CPU
		{E5E42D7F-5751-4EAC-8B6C-F94A32D83B9C}.Release|Any CPU.Build.0 = Release|Any CPU
	EndGlobalSection
	GlobalSection(SolutionProperties) = preSolution
		HideSolutionNode = FALSE
	EndGlobalSection
	GlobalSection(ExtensibilityGlobals) = postSolution
		SolutionGuid = {0D0B2722-165D-4392-8AB5-AF12355B4E8D}
	EndGlobalSection
EndGlobal
